
Microsoft Visual Studio Solution File, Format Version 12.00
# Visual Studio Version 17
VisualStudioVersion = 17.11.35312.102
MinimumVisualStudioVersion = 10.0.40219.1
Project("{FAE04EC0-301F-11D3-BF4B-00C04F79EFBC}") = "While vs Do-While", "While vs Do-While.csproj", "{ECBCF5B4-D593-46BC-B6AB-E21001FB5094}"
EndProject
Global
	GlobalSection(SolutionConfigurationPlatforms) = preSolution
		Debug|Any CPU = Debug|Any CPU
		Release|Any CPU = Release|Any CPU
	EndGlobalSection
	GlobalSection(ProjectConfigurationPlatforms) = postSolution
		{ECBCF5B4-D593-46BC-B6AB-E21001FB5094}.Debug|Any CPU.ActiveCfg = Debug|Any CPU
		{ECBCF5B4-D593-46BC-B6AB-E21001FB5094}.Debug|Any CPU.Build.0 = Debug|Any CPU
		{ECBCF5B4-D593-46BC-B6AB-E21001FB5094}.Release|Any CPU.ActiveCfg = Release|Any CPU
		{ECBCF5B4-D593-46BC-B6AB-E21001FB5094}.Release|Any CPU.Build.0 = Release|Any CPU
	EndGlobalSection
	GlobalSection(SolutionProperties) = preSolution
		HideSolutionNode = FALSE
	EndGlobalSection
	GlobalSection(ExtensibilityGlobals) = postSolution
		SolutionGuid = {C96FF3A0-36B7-4ED2-B6A4-15F7D0511D73}
	EndGlobalSection
EndGlobal
